
Microsoft Visual Studio Solution File, Format Version 12.00
# Visual Studio Version 17
VisualStudioVersion = 17.4.33205.214
MinimumVisualStudioVersion = 10.0.40219.1
Project("{9A19103F-16F7-4668-BE54-9A1E7A4F7556}") = "CheckInProject.App", "CheckInProject.App\CheckInProject.App.csproj", "{EE17C1B8-5FA2-45A5-9860-C0BCF561AE81}"
EndProject
Project("{9A19103F-16F7-4668-BE54-9A1E7A4F7556}") = "CheckInProject.CheckInCore", "CheckInProject.CheckInCore\CheckInProject.CheckInCore.csproj", "{BFF6BD31-2A70-4038-9B96-8604183C34B4}"
EndProject
Project("{9A19103F-16F7-4668-BE54-9A1E7A4F7556}") = "CheckInProject.PersonDataCore", "CheckInProject.PersonDataCore\CheckInProject.PersonDataCore.csproj", "{53FD86FA-7F4D-4364-A341-CF0033105AAF}"
EndProject
Global
	GlobalSection(SolutionConfigurationPlatforms) = preSolution
		Debug|x64 = Debug|x64
		Release|x64 = Release|x64
	EndGlobalSection
	GlobalSection(ProjectConfigurationPlatforms) = postSolution
		{EE17C1B8-5FA2-45A5-9860-C0BCF561AE81}.Debug|x64.ActiveCfg = Debug|x64
		{EE17C1B8-5FA2-45A5-9860-C0BCF561AE81}.Debug|x64.Build.0 = Debug|x64
		{EE17C1B8-5FA2-45A5-9860-C0BCF561AE81}.Release|x64.ActiveCfg = Release|x64
		{EE17C1B8-5FA2-45A5-9860-C0BCF561AE81}.Release|x64.Build.0 = Release|x64
		{BFF6BD31-2A70-4038-9B96-8604183C34B4}.Debug|x64.ActiveCfg = Debug|x64
		{BFF6BD31-2A70-4038-9B96-8604183C34B4}.Debug|x64.Build.0 = Debug|x64
		{BFF6BD31-2A70-4038-9B96-8604183C34B4}.Release|x64.ActiveCfg = Release|x64
		{BFF6BD31-2A70-4038-9B96-8604183C34B4}.Release|x64.Build.0 = Release|x64
		{53FD86FA-7F4D-4364-A341-CF0033105AAF}.Debug|x64.ActiveCfg = Debug|x64
		{53FD86FA-7F4D-4364-A341-CF0033105AAF}.Debug|x64.Build.0 = Debug|x64
		{53FD86FA-7F4D-4364-A341-CF0033105AAF}.Release|x64.ActiveCfg = Release|x64
		{53FD86FA-7F4D-4364-A341-CF0033105AAF}.Release|x64.Build.0 = Release|x64
	EndGlobalSection
	GlobalSection(SolutionProperties) = preSolution
		HideSolutionNode = FALSE
	EndGlobalSection
	GlobalSection(ExtensibilityGlobals) = postSolution
		SolutionGuid = {F39E7882-5E5D-4863-9E80-A672B4C9555D}
	EndGlobalSection
EndGlobal
